// !$*UTF8*$!
{
	archiveVersion = 1;
	classes = {
	};
	objectVersion = 50;
	objects = {

/* Begin PBXBuildFile section */
		0742036F207682D800FF6FCF /* AppDelegate.swift in Sources */ = {isa = PBXBuildFile; fileRef = 0742036E207682D800FF6FCF /* AppDelegate.swift */; };
		07420371207682D800FF6FCF /* ViewController.swift in Sources */ = {isa = PBXBuildFile; fileRef = 07420370207682D800FF6FCF /* ViewController.swift */; };
		07420374207682D800FF6FCF /* Main.storyboard in Resources */ = {isa = PBXBuildFile; fileRef = 07420372207682D800FF6FCF /* Main.storyboard */; };
		07420376207682DA00FF6FCF /* Assets.xcassets in Resources */ = {isa = PBXBuildFile; fileRef = 07420375207682DA00FF6FCF /* Assets.xcassets */; };
		07420379207682DA00FF6FCF /* LaunchScreen.storyboard in Resources */ = {isa = PBXBuildFile; fileRef = 07420377207682DA00FF6FCF /* LaunchScreen.storyboard */; };
		07420381207683CD00FF6FCF /* GoogleService-Info.plist in Resources */ = {isa = PBXBuildFile; fileRef = 07420380207683CC00FF6FCF /* GoogleService-Info.plist */; };
		AB8758F016F0991302AB3852 /* Pods_Favorite_Things.framework in Frameworks */ = {isa = PBXBuildFile; fileRef = 38E828FD28FCCCC59F4B2C08 /* Pods_Favorite_Things.framework */; };
/* End PBXBuildFile section */

/* Begin PBXFileReference section */
		0742036B207682D800FF6FCF /* Favorite Things.app */ = {isa = PBXFileReference; explicitFileType = wrapper.application; includeInIndex = 0; path = "Favorite Things.app"; sourceTree = BUILT_PRODUCTS_DIR; };
		0742036E207682D800FF6FCF /* AppDelegate.swift */ = {isa = PBXFileReference; lastKnownFileType = sourcecode.swift; path = AppDelegate.swift; sourceTree = "<group>"; };
		07420370207682D800FF6FCF /* ViewController.swift */ = {isa = PBXFileReference; lastKnownFileType = sourcecode.swift; path = ViewController.swift; sourceTree = "<group>"; };
		07420373207682D800FF6FCF /* Base */ = {isa = PBXFileReference; lastKnownFileType = file.storyboard; name = Base; path = Base.lproj/Main.storyboard; sourceTree = "<group>"; };
		07420375207682DA00FF6FCF /* Assets.xcassets */ = {isa = PBXFileReference; lastKnownFileType = folder.assetcatalog; path = Assets.xcassets; sourceTree = "<group>"; };
		07420378207682DA00FF6FCF /* Base */ = {isa = PBXFileReference; lastKnownFileType = file.storyboard; name = Base; path = Base.lproj/LaunchScreen.storyboard; sourceTree = "<group>"; };
		0742037A207682DA00FF6FCF /* Info.plist */ = {isa = PBXFileReference; lastKnownFileType = text.plist.xml; path = Info.plist; sourceTree = "<group>"; };
		07420380207683CC00FF6FCF /* GoogleService-Info.plist */ = {isa = PBXFileReference; fileEncoding = 4; lastKnownFileType = text.plist.xml; path = "GoogleService-Info.plist"; sourceTree = "<group>"; };
		22157FB1EE20B0EDF581F867 /* Pods-Favorite Things.debug.xcconfig */ = {isa = PBXFileReference; includeInIndex = 1; lastKnownFileType = text.xcconfig; name = "Pods-Favorite Things.debug.xcconfig"; path = "Pods/Target Support Files/Pods-Favorite Things/Pods-Favorite Things.debug.xcconfig"; sourceTree = "<group>"; };
		38E828FD28FCCCC59F4B2C08 /* Pods_Favorite_Things.framework */ = {isa = PBXFileReference; explicitFileType = wrapper.framework; includeInIndex = 0; path = Pods_Favorite_Things.framework; sourceTree = BUILT_PRODUCTS_DIR; };
		A8FD3B51B9CA0671E004ECFC /* Pods-Favorite Things.release.xcconfig */ = {isa = PBXFileReference; includeInIndex = 1; lastKnownFileType = text.xcconfig; name = "Pods-Favorite Things.release.xcconfig"; path = "Pods/Target Support Files/Pods-Favorite Things/Pods-Favorite Things.release.xcconfig"; sourceTree = "<group>"; };
/* End PBXFileReference section */

/* Begin PBXFrameworksBuildPhase section */
		07420368207682D700FF6FCF /* Frameworks */ = {
			isa = PBXFrameworksBuildPhase;
			buildActionMask = 2147483647;
			files = (
				AB8758F016F0991302AB3852 /* Pods_Favorite_Things.framework in Frameworks */,
			);
			runOnlyForDeploymentPostprocessing = 0;
		};
/* End PBXFrameworksBuildPhase section */

/* Begin PBXGroup section */
		07420362207682D700FF6FCF = {
			isa = PBXGroup;
			children = (
				0742036D207682D800FF6FCF /* Favorite Things */,
				0742036C207682D800FF6FCF /* Products */,
				C333AC9E4EE6352EFE0845D7 /* Pods */,
				D006B9A4C4354A5D1D1C0985 /* Frameworks */,
			);
			sourceTree = "<group>";
		};
		0742036C207682D800FF6FCF /* Products */ = {
			isa = PBXGroup;
			children = (
				0742036B207682D800FF6FCF /* Favorite Things.app */,
			);
			name = Products;
			sourceTree = "<group>";
		};
		0742036D207682D800FF6FCF /* Favorite Things */ = {
			isa = PBXGroup;
			children = (
				07420380207683CC00FF6FCF /* GoogleService-Info.plist */,
				0742036E207682D800FF6FCF /* AppDelegate.swift */,
				07420370207682D800FF6FCF /* ViewController.swift */,
				07420372207682D800FF6FCF /* Main.storyboard */,
				07420375207682DA00FF6FCF /* Assets.xcassets */,
				07420377207682DA00FF6FCF /* LaunchScreen.storyboard */,
				0742037A207682DA00FF6FCF /* Info.plist */,
			);
			path = "Favorite Things";
			sourceTree = "<group>";
		};
		C333AC9E4EE6352EFE0845D7 /* Pods */ = {
			isa = PBXGroup;
			children = (
				22157FB1EE20B0EDF581F867 /* Pods-Favorite Things.debug.xcconfig */,
				A8FD3B51B9CA0671E004ECFC /* Pods-Favorite Things.release.xcconfig */,
			);
			name = Pods;
			sourceTree = "<group>";
		};
		D006B9A4C4354A5D1D1C0985 /* Frameworks */ = {
			isa = PBXGroup;
			children = (
				38E828FD28FCCCC59F4B2C08 /* Pods_Favorite_Things.framework */,
			);
			name = Frameworks;
			sourceTree = "<group>";
		};
/* End PBXGroup section */

/* Begin PBXNativeTarget section */
		0742036A207682D700FF6FCF /* Favorite Things */ = {
			isa = PBXNativeTarget;
			buildConfigurationList = 0742037D207682DA00FF6FCF /* Build configuration list for PBXNativeTarget "Favorite Things" */;
			buildPhases = (
				AF47E8EA5C2E23B0679A80F6 /* [CP] Check Pods Manifest.lock */,
				07420367207682D700FF6FCF /* Sources */,
				07420368207682D700FF6FCF /* Frameworks */,
				07420369207682D700FF6FCF /* Resources */,
				91A6C33E6632AE88AACE2B17 /* [CP] Embed Pods Frameworks */,
			);
			buildRules = (
			);
			dependencies = (
			);
			name = "Favorite Things";
			productName = "Favorite Things";
			productReference = 0742036B207682D800FF6FCF /* Favorite Things.app */;
			productType = "com.apple.product-type.application";
		};
/* End PBXNativeTarget section */

/* Begin PBXProject section */
		07420363207682D700FF6FCF /* Project object */ = {
			isa = PBXProject;
			attributes = {
				LastSwiftUpdateCheck = 0930;
				LastUpgradeCheck = 0930;
				ORGANIZATIONNAME = hohljm;
				TargetAttributes = {
					0742036A207682D700FF6FCF = {
						CreatedOnToolsVersion = 9.3;
					};
				};
			};
			buildConfigurationList = 07420366207682D700FF6FCF /* Build configuration list for PBXProject "Favorite Things" */;
			compatibilityVersion = "Xcode 9.3";
			developmentRegion = en;
			hasScannedForEncodings = 0;
			knownRegions = (
				en,
				Base,
			);
			mainGroup = 07420362207682D700FF6FCF;
			productRefGroup = 0742036C207682D800FF6FCF /* Products */;
			projectDirPath = "";
			projectRoot = "";
			targets = (
				0742036A207682D700FF6FCF /* Favorite Things */,
			);
		};
/* End PBXProject section */

/* Begin PBXResourcesBuildPhase section */
		07420369207682D700FF6FCF /* Resources */ = {
			isa = PBXResourcesBuildPhase;
			buildActionMask = 2147483647;
			files = (
				07420379207682DA00FF6FCF /* LaunchScreen.storyboard in Resources */,
				07420381207683CD00FF6FCF /* GoogleService-Info.plist in Resources */,
				07420376207682DA00FF6FCF /* Assets.xcassets in Resources */,
				07420374207682D800FF6FCF /* Main.storyboard in Resources */,
			);
			runOnlyForDeploymentPostprocessing = 0;
		};
/* End PBXResourcesBuildPhase section */

/* Begin PBXShellScriptBuildPhase section */
		91A6C33E6632AE88AACE2B17 /* [CP] Embed Pods Frameworks */ = {
			isa = PBXShellScriptBuildPhase;
			buildActionMask = 2147483647;
			files = (
			);
			inputPaths = (
				"${SRCROOT}/Pods/Target Support Files/Pods-Favorite Things/Pods-Favorite Things-frameworks.sh",
				"${BUILT_PRODUCTS_DIR}/BoringSSL/openssl.framework",
				"${BUILT_PRODUCTS_DIR}/GoogleToolboxForMac/GoogleToolboxForMac.framework",
				"${BUILT_PRODUCTS_DIR}/Protobuf/Protobuf.framework",
				"${BUILT_PRODUCTS_DIR}/gRPC/GRPCClient.framework",
				"${BUILT_PRODUCTS_DIR}/gRPC-Core/grpc.framework",
				"${BUILT_PRODUCTS_DIR}/gRPC-ProtoRPC/ProtoRPC.framework",
				"${BUILT_PRODUCTS_DIR}/gRPC-RxLibrary/RxLibrary.framework",
				"${BUILT_PRODUCTS_DIR}/leveldb-library/leveldb.framework",
				"${BUILT_PRODUCTS_DIR}/nanopb/nanopb.framework",
			);
			name = "[CP] Embed Pods Frameworks";
			outputPaths = (
				"${TARGET_BUILD_DIR}/${FRAMEWORKS_FOLDER_PATH}/openssl.framework",
				"${TARGET_BUILD_DIR}/${FRAMEWORKS_FOLDER_PATH}/GoogleToolboxForMac.framework",
				"${TARGET_BUILD_DIR}/${FRAMEWORKS_FOLDER_PATH}/Protobuf.framework",
				"${TARGET_BUILD_DIR}/${FRAMEWORKS_FOLDER_PATH}/GRPCClient.framework",
				"${TARGET_BUILD_DIR}/${FRAMEWORKS_FOLDER_PATH}/grpc.framework",
				"${TARGET_BUILD_DIR}/${FRAMEWORKS_FOLDER_PATH}/ProtoRPC.framework",
				"${TARGET_BUILD_DIR}/${FRAMEWORKS_FOLDER_PATH}/RxLibrary.framework",
				"${TARGET_BUILD_DIR}/${FRAMEWORKS_FOLDER_PATH}/leveldb.framework",
				"${TARGET_BUILD_DIR}/${FRAMEWORKS_FOLDER_PATH}/nanopb.framework",
			);
			runOnlyForDeploymentPostprocessing = 0;
			shellPath = /bin/sh;
			shellScript = "\"${SRCROOT}/Pods/Target Support Files/Pods-Favorite Things/Pods-Favorite Things-frameworks.sh\"\n";
			showEnvVarsInLog = 0;
		};
		AF47E8EA5C2E23B0679A80F6 /* [CP] Check Pods Manifest.lock */ = {
			isa = PBXShellScriptBuildPhase;
			buildActionMask = 2147483647;
			files = (
			);
			inputPaths = (
				"${PODS_PODFILE_DIR_PATH}/Podfile.lock",
				"${PODS_ROOT}/Manifest.lock",
			);
			name = "[CP] Check Pods Manifest.lock";
			outputPaths = (
				"$(DERIVED_FILE_DIR)/Pods-Favorite Things-checkManifestLockResult.txt",
			);
			runOnlyForDeploymentPostprocessing = 0;
			shellPath = /bin/sh;
			shellScript = "diff \"${PODS_PODFILE_DIR_PATH}/Podfile.lock\" \"${PODS_ROOT}/Manifest.lock\" > /dev/null\nif [ $? != 0 ] ; then\n    # print error to STDERR\n    echo \"error: The sandbox is not in sync with the Podfile.lock. Run 'pod install' or update your CocoaPods installation.\" >&2\n    exit 1\nfi\n# This output is used by Xcode 'outputs' to avoid re-running this script phase.\necho \"SUCCESS\" > \"${SCRIPT_OUTPUT_FILE_0}\"\n";
			showEnvVarsInLog = 0;
		};
/* End PBXShellScriptBuildPhase section */

/* Begin PBXSourcesBuildPhase section */
		07420367207682D700FF6FCF /* Sources */ = {
			isa = PBXSourcesBuildPhase;
			buildActionMask = 2147483647;
			files = (
				07420371207682D800FF6FCF /* ViewController.swift in Sources */,
				0742036F207682D800FF6FCF /* AppDelegate.swift in Sources */,
			);
			runOnlyForDeploymentPostprocessing = 0;
		};
/* End PBXSourcesBuildPhase section */

/* Begin PBXVariantGroup section */
		07420372207682D800FF6FCF /* Main.storyboard */ = {
			isa = PBXVariantGroup;
			children = (
				07420373207682D800FF6FCF /* Base */,
			);
			name = Main.storyboard;
			sourceTree = "<group>";
		};
		07420377207682DA00FF6FCF /* LaunchScreen.storyboard */ = {
			isa = PBXVariantGroup;
			children = (
				07420378207682DA00FF6FCF /* Base */,
			);
			name = LaunchScreen.storyboard;
			sourceTree = "<group>";
		};
/* End PBXVariantGroup section */

/* Begin XCBuildConfiguration section */
		0742037B207682DA00FF6FCF /* Debug */ = {
			isa = XCBuildConfiguration;
			buildSettings = {
				ALWAYS_SEARCH_USER_PATHS = NO;
				CLANG_ANALYZER_NONNULL = YES;
				CLANG_ANALYZER_NUMBER_OBJECT_CONVERSION = YES_AGGRESSIVE;
				CLANG_CXX_LANGUAGE_STANDARD = "gnu++14";
				CLANG_CXX_LIBRARY = "libc++";
				CLANG_ENABLE_MODULES = YES;
				CLANG_ENABLE_OBJC_ARC = YES;
				CLANG_ENABLE_OBJC_WEAK = YES;
				CLANG_WARN_BLOCK_CAPTURE_AUTORELEASING = YES;
				CLANG_WARN_BOOL_CONVERSION = YES;
				CLANG_WARN_COMMA = YES;
				CLANG_WARN_CONSTANT_CONVERSION = YES;
				CLANG_WARN_DEPRECATED_OBJC_IMPLEMENTATIONS = YES;
				CLANG_WARN_DIRECT_OBJC_ISA_USAGE = YES_ERROR;
				CLANG_WARN_DOCUMENTATION_COMMENTS = YES;
				CLANG_WARN_EMPTY_BODY = YES;
				CLANG_WARN_ENUM_CONVERSION = YES;
				CLANG_WARN_INFINITE_RECURSION = YES;
				CLANG_WARN_INT_CONVERSION = YES;
				CLANG_WARN_NON_LITERAL_NULL_CONVERSION = YES;
				CLANG_WARN_OBJC_IMPLICIT_RETAIN_SELF = YES;
				CLANG_WARN_OBJC_LITERAL_CONVERSION = YES;
				CLANG_WARN_OBJC_ROOT_CLASS = YES_ERROR;
				CLANG_WARN_RANGE_LOOP_ANALYSIS = YES;
				CLANG_WARN_STRICT_PROTOTYPES = YES;
				CLANG_WARN_SUSPICIOUS_MOVE = YES;
				CLANG_WARN_UNGUARDED_AVAILABILITY = YES_AGGRESSIVE;
				CLANG_WARN_UNREACHABLE_CODE = YES;
				CLANG_WARN__DUPLICATE_METHOD_MATCH = YES;
				CODE_SIGN_IDENTITY = "iPhone Developer";
				COPY_PHASE_STRIP = NO;
				DEBUG_INFORMATION_FORMAT = dwarf;
				ENABLE_STRICT_OBJC_MSGSEND = YES;
				ENABLE_TESTABILITY = YES;
				GCC_C_LANGUAGE_STANDARD = gnu11;
				GCC_DYNAMIC_NO_PIC = NO;
				GCC_NO_COMMON_BLOCKS = YES;
				GCC_OPTIMIZATION_LEVEL = 0;
				GCC_PREPROCESSOR_DEFINITIONS = (
					"DEBUG=1",
					"$(inherited)",
				);
				GCC_WARN_64_TO_32_BIT_CONVERSION = YES;
				GCC_WARN_ABOUT_RETURN_TYPE = YES_ERROR;
				GCC_WARN_UNDECLARED_SELECTOR = YES;
				GCC_WARN_UNINITIALIZED_AUTOS = YES_AGGRESSIVE;
				GCC_WARN_UNUSED_FUNCTION = YES;
				GCC_WARN_UNUSED_VARIABLE = YES;
				IPHONEOS_DEPLOYMENT_TARGET = 11.3;
				MTL_ENABLE_DEBUG_INFO = YES;
				ONLY_ACTIVE_ARCH = YES;
				SDKROOT = iphoneos;
				SWIFT_ACTIVE_COMPILATION_CONDITIONS = DEBUG;
				SWIFT_OPTIMIZATION_LEVEL = "-Onone";
			};
			name = Debug;
		};
		0742037C207682DA00FF6FCF /* Release */ = {
			isa = XCBuildConfiguration;
			buildSettings = {
				ALWAYS_SEARCH_USER_PATHS = NO;
				CLANG_ANALYZER_NONNULL = YES;
				CLANG_ANALYZER_NUMBER_OBJECT_CONVERSION = YES_AGGRESSIVE;
				CLANG_CXX_LANGUAGE_STANDARD = "gnu++14";
				CLANG_CXX_LIBRARY = "libc++";
				CLANG_ENABLE_MODULES = YES;
				CLANG_ENABLE_OBJC_ARC = YES;
				CLANG_ENABLE_OBJC_WEAK = YES;
				CLANG_WARN_BLOCK_CAPTURE_AUTORELEASING = YES;
				CLANG_WARN_BOOL_CONVERSION = YES;
				CLANG_WARN_COMMA = YES;
				CLANG_WARN_CONSTANT_CONVERSION = YES;
				CLANG_WARN_DEPRECATED_OBJC_IMPLEMENTATIONS = YES;
				CLANG_WARN_DIRECT_OBJC_ISA_USAGE = YES_ERROR;
				CLANG_WARN_DOCUMENTATION_COMMENTS = YES;
				CLANG_WARN_EMPTY_BODY = YES;
				CLANG_WARN_ENUM_CONVERSION = YES;
				CLANG_WARN_INFINITE_RECURSION = YES;
				CLANG_WARN_INT_CONVERSION = YES;
				CLANG_WARN_NON_LITERAL_NULL_CONVERSION = YES;
				CLANG_WARN_OBJC_IMPLICIT_RETAIN_SELF = YES;
				CLANG_WARN_OBJC_LITERAL_CONVERSION = YES;
				CLANG_WARN_OBJC_ROOT_CLASS = YES_ERROR;
				CLANG_WARN_RANGE_LOOP_ANALYSIS = YES;
				CLANG_WARN_STRICT_PROTOTYPES = YES;
				CLANG_WARN_SUSPICIOUS_MOVE = YES;
				CLANG_WARN_UNGUARDED_AVAILABILITY = YES_AGGRESSIVE;
				CLANG_WARN_UNREACHABLE_CODE = YES;
				CLANG_WARN__DUPLICATE_METHOD_MATCH = YES;
				CODE_SIGN_IDENTITY = "iPhone Developer";
				COPY_PHASE_STRIP = NO;
				DEBUG_INFORMATION_FORMAT = "dwarf-with-dsym";
				ENABLE_NS_ASSERTIONS = NO;
				ENABLE_STRICT_OBJC_MSGSEND = YES;
				GCC_C_LANGUAGE_STANDARD = gnu11;
				GCC_NO_COMMON_BLOCKS = YES;
				GCC_WARN_64_TO_32_BIT_CONVERSION = YES;
				GCC_WARN_ABOUT_RETURN_TYPE = YES_ERROR;
				GCC_WARN_UNDECLARED_SELECTOR = YES;
				GCC_WARN_UNINITIALIZED_AUTOS = YES_AGGRESSIVE;
				GCC_WARN_UNUSED_FUNCTION = YES;
				GCC_WARN_UNUSED_VARIABLE = YES;
				IPHONEOS_DEPLOYMENT_TARGET = 11.3;
				MTL_ENABLE_DEBUG_INFO = NO;
				SDKROOT = iphoneos;
				SWIFT_COMPILATION_MODE = wholemodule;
				SWIFT_OPTIMIZATION_LEVEL = "-O";
				VALIDATE_PRODUCT = YES;
			};
			name = Release;
		};
		0742037E207682DA00FF6FCF /* Debug */ = {
			isa = XCBuildConfiguration;
			baseConfigurationReference = 22157FB1EE20B0EDF581F867 /* Pods-Favorite Things.debug.xcconfig */;
			buildSettings = {
				ASSETCATALOG_COMPILER_APPICON_NAME = AppIcon;
				CODE_SIGN_STYLE = Automatic;
				DEVELOPMENT_TEAM = C4Q47ST5AW;
				INFOPLIST_FILE = "Favorite Things/Info.plist";
				LD_RUNPATH_SEARCH_PATHS = "$(inherited) @executable_path/Frameworks";
				PRODUCT_BUNDLE_IDENTIFIER = "edu.rosehulman.hohljm.Favorite-Things";
				PRODUCT_NAME = "$(TARGET_NAME)";
				SWIFT_VERSION = 4.0;
				TARGETED_DEVICE_FAMILY = "1,2";
			};
			name = Debug;
		};
		0742037F207682DA00FF6FCF /* Release */ = {
			isa = XCBuildConfiguration;
			baseConfigurationReference = A8FD3B51B9CA0671E004ECFC /* Pods-Favorite Things.release.xcconfig */;
			buildSettings = {
				ASSETCATALOG_COMPILER_APPICON_NAME = AppIcon;
				CODE_SIGN_STYLE = Automatic;
				DEVELOPMENT_TEAM = C4Q47ST5AW;
				INFOPLIST_FILE = "Favorite Things/Info.plist";
				LD_RUNPATH_SEARCH_PATHS = "$(inherited) @executable_path/Frameworks";
				PRODUCT_BUNDLE_IDENTIFIER = "edu.rosehulman.hohljm.Favorite-Things";
				PRODUCT_NAME = "$(TARGET_NAME)";
				SWIFT_VERSION = 4.0;
				TARGETED_DEVICE_FAMILY = "1,2";
			};
			name = Release;
		};
/* End XCBuildConfiguration section */

/* Begin XCConfigurationList section */
		07420366207682D700FF6FCF /* Build configuration list for PBXProject "Favorite Things" */ = {
			isa = XCConfigurationList;
			buildConfigurations = (
				0742037B207682DA00FF6FCF /* Debug */,
				0742037C207682DA00FF6FCF /* Release */,
			);
			defaultConfigurationIsVisible = 0;
			defaultConfigurationName = Release;
		};
		0742037D207682DA00FF6FCF /* Build configuration list for PBXNativeTarget "Favorite Things" */ = {
			isa = XCConfigurationList;
			buildConfigurations = (
				0742037E207682DA00FF6FCF /* Debug */,
				0742037F207682DA00FF6FCF /* Release */,
			);
			defaultConfigurationIsVisible = 0;
			defaultConfigurationName = Release;
		};
/* End XCConfigurationList section */
	};
	rootObject = 07420363207682D700FF6FCF /* Project object */;
}
